// !$*UTF8*$!
{
	archiveVersion = 1;
	classes = {
	};
	objectVersion = 48;
	objects = {

/* Begin PBXBuildFile section */
		045D10312071EDE5007EA54F /* SocketManager.m in Sources */ = {isa = PBXBuildFile; fileRef = 045D10302071EDE5007EA54F /* SocketManager.m */; };
		045D10342071F483007EA54F /* SocketViewController.m in Sources */ = {isa = PBXBuildFile; fileRef = 045D10332071F483007EA54F /* SocketViewController.m */; };
		04CC4825206CF3190048A5B5 /* AppDelegate.m in Sources */ = {isa = PBXBuildFile; fileRef = 04CC4824206CF3190048A5B5 /* AppDelegate.m */; };
		04CC4828206CF3190048A5B5 /* ViewController.m in Sources */ = {isa = PBXBuildFile; fileRef = 04CC4827206CF3190048A5B5 /* ViewController.m */; };
		04CC482D206CF3190048A5B5 /* Assets.xcassets in Resources */ = {isa = PBXBuildFile; fileRef = 04CC482C206CF3190048A5B5 /* Assets.xcassets */; };
		04CC4830206CF3190048A5B5 /* LaunchScreen.storyboard in Resources */ = {isa = PBXBuildFile; fileRef = 04CC482E206CF3190048A5B5 /* LaunchScreen.storyboard */; };
		04CC4833206CF3190048A5B5 /* main.m in Sources */ = {isa = PBXBuildFile; fileRef = 04CC4832206CF3190048A5B5 /* main.m */; };
		04CC4882206CF5650048A5B5 /* Foundation.framework in Frameworks */ = {isa = PBXBuildFile; fileRef = 04CC4881206CF5640048A5B5 /* Foundation.framework */; };
		04CC4884206CF5720048A5B5 /* Security.framework in Frameworks */ = {isa = PBXBuildFile; fileRef = 04CC4883206CF5720048A5B5 /* Security.framework */; };
		04CC4886206CF57E0048A5B5 /* libicucore.tbd in Frameworks */ = {isa = PBXBuildFile; fileRef = 04CC4885206CF57E0048A5B5 /* libicucore.tbd */; };
		04CC4888206CF5890048A5B5 /* CFNetwork.framework in Frameworks */ = {isa = PBXBuildFile; fileRef = 04CC4887206CF5890048A5B5 /* CFNetwork.framework */; };
		91C8B7650CB228F8B7077100 /* libPods-WebSocketDemo.a in Frameworks */ = {isa = PBXBuildFile; fileRef = 034D1856CB9AE873F2F16361 /* libPods-WebSocketDemo.a */; };
/* End PBXBuildFile section */

/* Begin PBXFileReference section */
		034D1856CB9AE873F2F16361 /* libPods-WebSocketDemo.a */ = {isa = PBXFileReference; explicitFileType = archive.ar; includeInIndex = 0; path = "libPods-WebSocketDemo.a"; sourceTree = BUILT_PRODUCTS_DIR; };
		045D102F2071EDE5007EA54F /* SocketManager.h */ = {isa = PBXFileReference; lastKnownFileType = sourcecode.c.h; path = SocketManager.h; sourceTree = "<group>"; };
		045D10302071EDE5007EA54F /* SocketManager.m */ = {isa = PBXFileReference; lastKnownFileType = sourcecode.c.objc; path = SocketManager.m; sourceTree = "<group>"; };
		045D10322071F483007EA54F /* SocketViewController.h */ = {isa = PBXFileReference; lastKnownFileType = sourcecode.c.h; path = SocketViewController.h; sourceTree = "<group>"; };
		045D10332071F483007EA54F /* SocketViewController.m */ = {isa = PBXFileReference; lastKnownFileType = sourcecode.c.objc; path = SocketViewController.m; sourceTree = "<group>"; };
		04CC4820206CF3190048A5B5 /* WebSocketDemo.app */ = {isa = PBXFileReference; explicitFileType = wrapper.application; includeInIndex = 0; path = WebSocketDemo.app; sourceTree = BUILT_PRODUCTS_DIR; };
		04CC4823206CF3190048A5B5 /* AppDelegate.h */ = {isa = PBXFileReference; lastKnownFileType = sourcecode.c.h; path = AppDelegate.h; sourceTree = "<group>"; };
		04CC4824206CF3190048A5B5 /* AppDelegate.m */ = {isa = PBXFileReference; lastKnownFileType = sourcecode.c.objc; path = AppDelegate.m; sourceTree = "<group>"; };
		04CC4826206CF3190048A5B5 /* ViewController.h */ = {isa = PBXFileReference; lastKnownFileType = sourcecode.c.h; path = ViewController.h; sourceTree = "<group>"; };
		04CC4827206CF3190048A5B5 /* ViewController.m */ = {isa = PBXFileReference; lastKnownFileType = sourcecode.c.objc; path = ViewController.m; sourceTree = "<group>"; };
		04CC482C206CF3190048A5B5 /* Assets.xcassets */ = {isa = PBXFileReference; lastKnownFileType = folder.assetcatalog; path = Assets.xcassets; sourceTree = "<group>"; };
		04CC482F206CF3190048A5B5 /* Base */ = {isa = PBXFileReference; lastKnownFileType = file.storyboard; name = Base; path = Base.lproj/LaunchScreen.storyboard; sourceTree = "<group>"; };
		04CC4831206CF3190048A5B5 /* Info.plist */ = {isa = PBXFileReference; lastKnownFileType = text.plist.xml; path = Info.plist; sourceTree = "<group>"; };
		04CC4832206CF3190048A5B5 /* main.m */ = {isa = PBXFileReference; lastKnownFileType = sourcecode.c.objc; path = main.m; sourceTree = "<group>"; };
		04CC4881206CF5640048A5B5 /* Foundation.framework */ = {isa = PBXFileReference; lastKnownFileType = wrapper.framework; name = Foundation.framework; path = System/Library/Frameworks/Foundation.framework; sourceTree = SDKROOT; };
		04CC4883206CF5720048A5B5 /* Security.framework */ = {isa = PBXFileReference; lastKnownFileType = wrapper.framework; name = Security.framework; path = System/Library/Frameworks/Security.framework; sourceTree = SDKROOT; };
		04CC4885206CF57E0048A5B5 /* libicucore.tbd */ = {isa = PBXFileReference; lastKnownFileType = "sourcecode.text-based-dylib-definition"; name = libicucore.tbd; path = usr/lib/libicucore.tbd; sourceTree = SDKROOT; };
		04CC4887206CF5890048A5B5 /* CFNetwork.framework */ = {isa = PBXFileReference; lastKnownFileType = wrapper.framework; name = CFNetwork.framework; path = System/Library/Frameworks/CFNetwork.framework; sourceTree = SDKROOT; };
		11934FB33215FC64F966FED9 /* Pods-WebSocketDemo.release.xcconfig */ = {isa = PBXFileReference; includeInIndex = 1; lastKnownFileType = text.xcconfig; name = "Pods-WebSocketDemo.release.xcconfig"; path = "Pods/Target Support Files/Pods-WebSocketDemo/Pods-WebSocketDemo.release.xcconfig"; sourceTree = "<group>"; };
		A10A7B9618F210763B63EDCC /* Pods-WebSocketDemo.debug.xcconfig */ = {isa = PBXFileReference; includeInIndex = 1; lastKnownFileType = text.xcconfig; name = "Pods-WebSocketDemo.debug.xcconfig"; path = "Pods/Target Support Files/Pods-WebSocketDemo/Pods-WebSocketDemo.debug.xcconfig"; sourceTree = "<group>"; };
/* End PBXFileReference section */

/* Begin PBXFrameworksBuildPhase section */
		04CC481D206CF3190048A5B5 /* Frameworks */ = {
			isa = PBXFrameworksBuildPhase;
			buildActionMask = 2147483647;
			files = (
				04CC4888206CF5890048A5B5 /* CFNetwork.framework in Frameworks */,
				04CC4886206CF57E0048A5B5 /* libicucore.tbd in Frameworks */,
				04CC4884206CF5720048A5B5 /* Security.framework in Frameworks */,
				04CC4882206CF5650048A5B5 /* Foundation.framework in Frameworks */,
				91C8B7650CB228F8B7077100 /* libPods-WebSocketDemo.a in Frameworks */,
			);
			runOnlyForDeploymentPostprocessing = 0;
		};
/* End PBXFrameworksBuildPhase section */

/* Begin PBXGroup section */
		04CC4817206CF3190048A5B5 = {
			isa = PBXGroup;
			children = (
				04CC4822206CF3190048A5B5 /* WebSocketDemo */,
				04CC4821206CF3190048A5B5 /* Products */,
				04CC4880206CF5640048A5B5 /* Frameworks */,
				C94E92E73640723BE7420CB0 /* Pods */,
			);
			sourceTree = "<group>";
		};
		04CC4821206CF3190048A5B5 /* Products */ = {
			isa = PBXGroup;
			children = (
				04CC4820206CF3190048A5B5 /* WebSocketDemo.app */,
			);
			name = Products;
			sourceTree = "<group>";
		};
		04CC4822206CF3190048A5B5 /* WebSocketDemo */ = {
			isa = PBXGroup;
			children = (
				04CC4823206CF3190048A5B5 /* AppDelegate.h */,
				04CC4824206CF3190048A5B5 /* AppDelegate.m */,
				045D10322071F483007EA54F /* SocketViewController.h */,
				045D10332071F483007EA54F /* SocketViewController.m */,
				04CC4826206CF3190048A5B5 /* ViewController.h */,
				04CC4827206CF3190048A5B5 /* ViewController.m */,
				045D102F2071EDE5007EA54F /* SocketManager.h */,
				045D10302071EDE5007EA54F /* SocketManager.m */,
				04CC482C206CF3190048A5B5 /* Assets.xcassets */,
				04CC482E206CF3190048A5B5 /* LaunchScreen.storyboard */,
				04CC4831206CF3190048A5B5 /* Info.plist */,
				04CC4832206CF3190048A5B5 /* main.m */,
			);
			path = WebSocketDemo;
			sourceTree = "<group>";
		};
		04CC4880206CF5640048A5B5 /* Frameworks */ = {
			isa = PBXGroup;
			children = (
				04CC4887206CF5890048A5B5 /* CFNetwork.framework */,
				04CC4885206CF57E0048A5B5 /* libicucore.tbd */,
				04CC4883206CF5720048A5B5 /* Security.framework */,
				04CC4881206CF5640048A5B5 /* Foundation.framework */,
				034D1856CB9AE873F2F16361 /* libPods-WebSocketDemo.a */,
			);
			name = Frameworks;
			sourceTree = "<group>";
		};
		C94E92E73640723BE7420CB0 /* Pods */ = {
			isa = PBXGroup;
			children = (
				A10A7B9618F210763B63EDCC /* Pods-WebSocketDemo.debug.xcconfig */,
				11934FB33215FC64F966FED9 /* Pods-WebSocketDemo.release.xcconfig */,
			);
			name = Pods;
			sourceTree = "<group>";
		};
/* End PBXGroup section */

/* Begin PBXNativeTarget section */
		04CC481F206CF3190048A5B5 /* WebSocketDemo */ = {
			isa = PBXNativeTarget;
			buildConfigurationList = 04CC4836206CF3190048A5B5 /* Build configuration list for PBXNativeTarget "WebSocketDemo" */;
			buildPhases = (
				09632A112839AFD4C931483D /* [CP] Check Pods Manifest.lock */,
				04CC481C206CF3190048A5B5 /* Sources */,
				04CC481D206CF3190048A5B5 /* Frameworks */,
				04CC481E206CF3190048A5B5 /* Resources */,
			);
			buildRules = (
			);
			dependencies = (
			);
			name = WebSocketDemo;
			productName = WebSocketDemo;
			productReference = 04CC4820206CF3190048A5B5 /* WebSocketDemo.app */;
			productType = "com.apple.product-type.application";
		};
/* End PBXNativeTarget section */

/* Begin PBXProject section */
		04CC4818206CF3190048A5B5 /* Project object */ = {
			isa = PBXProject;
			attributes = {
				LastUpgradeCheck = 0930;
				ORGANIZATIONNAME = guojianheng;
				TargetAttributes = {
					04CC481F206CF3190048A5B5 = {
						CreatedOnToolsVersion = 9.2;
						ProvisioningStyle = Automatic;
					};
				};
			};
			buildConfigurationList = 04CC481B206CF3190048A5B5 /* Build configuration list for PBXProject "WebSocketDemo" */;
			compatibilityVersion = "Xcode 8.0";
			developmentRegion = en;
			hasScannedForEncodings = 0;
			knownRegions = (
				en,
				Base,
			);
			mainGroup = 04CC4817206CF3190048A5B5;
			productRefGroup = 04CC4821206CF3190048A5B5 /* Products */;
			projectDirPath = "";
			projectRoot = "";
			targets = (
				04CC481F206CF3190048A5B5 /* WebSocketDemo */,
			);
		};
/* End PBXProject section */

/* Begin PBXResourcesBuildPhase section */
		04CC481E206CF3190048A5B5 /* Resources */ = {
			isa = PBXResourcesBuildPhase;
			buildActionMask = 2147483647;
			files = (
				04CC4830206CF3190048A5B5 /* LaunchScreen.storyboard in Resources */,
				04CC482D206CF3190048A5B5 /* Assets.xcassets in Resources */,
			);
			runOnlyForDeploymentPostprocessing = 0;
		};
/* End PBXResourcesBuildPhase section */

/* Begin PBXShellScriptBuildPhase section */
		09632A112839AFD4C931483D /* [CP] Check Pods Manifest.lock */ = {
			isa = PBXShellScriptBuildPhase;
			buildActionMask = 2147483647;
			files = (
			);
			inputPaths = (
				"${PODS_PODFILE_DIR_PATH}/Podfile.lock",
				"${PODS_ROOT}/Manifest.lock",
			);
			name = "[CP] Check Pods Manifest.lock";
			outputPaths = (
				"$(DERIVED_FILE_DIR)/Pods-WebSocketDemo-checkManifestLockResult.txt",
			);
			runOnlyForDeploymentPostprocessing = 0;
			shellPath = /bin/sh;
			shellScript = "diff \"${PODS_PODFILE_DIR_PATH}/Podfile.lock\" \"${PODS_ROOT}/Manifest.lock\" > /dev/null\nif [ $? != 0 ] ; then\n    # print error to STDERR\n    echo \"error: The sandbox is not in sync with the Podfile.lock. Run 'pod install' or update your CocoaPods installation.\" >&2\n    exit 1\nfi\n# This output is used by Xcode 'outputs' to avoid re-running this script phase.\necho \"SUCCESS\" > \"${SCRIPT_OUTPUT_FILE_0}\"\n";
			showEnvVarsInLog = 0;
		};
/* End PBXShellScriptBuildPhase section */

/* Begin PBXSourcesBuildPhase section */
		04CC481C206CF3190048A5B5 /* Sources */ = {
			isa = PBXSourcesBuildPhase;
			buildActionMask = 2147483647;
			files = (
				045D10342071F483007EA54F /* SocketViewController.m in Sources */,
				04CC4828206CF3190048A5B5 /* ViewController.m in Sources */,
				04CC4833206CF3190048A5B5 /* main.m in Sources */,
				045D10312071EDE5007EA54F /* SocketManager.m in Sources */,
				04CC4825206CF3190048A5B5 /* AppDelegate.m in Sources */,
			);
			runOnlyForDeploymentPostprocessing = 0;
		};
/* End PBXSourcesBuildPhase section */

/* Begin PBXVariantGroup section */
		04CC482E206CF3190048A5B5 /* LaunchScreen.storyboard */ = {
			isa = PBXVariantGroup;
			children = (
				04CC482F206CF3190048A5B5 /* Base */,
			);
			name = LaunchScreen.storyboard;
			sourceTree = "<group>";
		};
/* End PBXVariantGroup section */

/* Begin XCBuildConfiguration section */
		04CC4834206CF3190048A5B5 /* Debug */ = {
			isa = XCBuildConfiguration;
			buildSettings = {
				ALWAYS_SEARCH_USER_PATHS = NO;
				CLANG_ANALYZER_NONNULL = YES;
				CLANG_ANALYZER_NUMBER_OBJECT_CONVERSION = YES_AGGRESSIVE;
				CLANG_CXX_LANGUAGE_STANDARD = "gnu++14";
				CLANG_CXX_LIBRARY = "libc++";
				CLANG_ENABLE_MODULES = YES;
				CLANG_ENABLE_OBJC_ARC = YES;
				CLANG_WARN_BLOCK_CAPTURE_AUTORELEASING = YES;
				CLANG_WARN_BOOL_CONVERSION = YES;
				CLANG_WARN_COMMA = YES;
				CLANG_WARN_CONSTANT_CONVERSION = YES;
				CLANG_WARN_DEPRECATED_OBJC_IMPLEMENTATIONS = YES;
				CLANG_WARN_DIRECT_OBJC_ISA_USAGE = YES_ERROR;
				CLANG_WARN_DOCUMENTATION_COMMENTS = YES;
				CLANG_WARN_EMPTY_BODY = YES;
				CLANG_WARN_ENUM_CONVERSION = YES;
				CLANG_WARN_INFINITE_RECURSION = YES;
				CLANG_WARN_INT_CONVERSION = YES;
				CLANG_WARN_NON_LITERAL_NULL_CONVERSION = YES;
				CLANG_WARN_OBJC_IMPLICIT_RETAIN_SELF = YES;
				CLANG_WARN_OBJC_LITERAL_CONVERSION = YES;
				CLANG_WARN_OBJC_ROOT_CLASS = YES_ERROR;
				CLANG_WARN_RANGE_LOOP_ANALYSIS = YES;
				CLANG_WARN_STRICT_PROTOTYPES = YES;
				CLANG_WARN_SUSPICIOUS_MOVE = YES;
				CLANG_WARN_UNGUARDED_AVAILABILITY = YES_AGGRESSIVE;
				CLANG_WARN_UNREACHABLE_CODE = YES;
				CLANG_WARN__DUPLICATE_METHOD_MATCH = YES;
				CODE_SIGN_IDENTITY = "iPhone Developer";
				COPY_PHASE_STRIP = NO;
				DEBUG_INFORMATION_FORMAT = dwarf;
				ENABLE_STRICT_OBJC_MSGSEND = YES;
				ENABLE_TESTABILITY = YES;
				GCC_C_LANGUAGE_STANDARD = gnu11;
				GCC_DYNAMIC_NO_PIC = NO;
				GCC_NO_COMMON_BLOCKS = YES;
				GCC_OPTIMIZATION_LEVEL = 0;
				GCC_PREPROCESSOR_DEFINITIONS = (
					"DEBUG=1",
					"$(inherited)",
				);
				GCC_WARN_64_TO_32_BIT_CONVERSION = YES;
				GCC_WARN_ABOUT_RETURN_TYPE = YES_ERROR;
				GCC_WARN_UNDECLARED_SELECTOR = YES;
				GCC_WARN_UNINITIALIZED_AUTOS = YES_AGGRESSIVE;
				GCC_WARN_UNUSED_FUNCTION = YES;
				GCC_WARN_UNUSED_VARIABLE = YES;
				IPHONEOS_DEPLOYMENT_TARGET = 11.2;
				MTL_ENABLE_DEBUG_INFO = YES;
				ONLY_ACTIVE_ARCH = YES;
				SDKROOT = iphoneos;
			};
			name = Debug;
		};
		04CC4835206CF3190048A5B5 /* Release */ = {
			isa = XCBuildConfiguration;
			buildSettings = {
				ALWAYS_SEARCH_USER_PATHS = NO;
				CLANG_ANALYZER_NONNULL = YES;
				CLANG_ANALYZER_NUMBER_OBJECT_CONVERSION = YES_AGGRESSIVE;
				CLANG_CXX_LANGUAGE_STANDARD = "gnu++14";
				CLANG_CXX_LIBRARY = "libc++";
				CLANG_ENABLE_MODULES = YES;
				CLANG_ENABLE_OBJC_ARC = YES;
				CLANG_WARN_BLOCK_CAPTURE_AUTORELEASING = YES;
				CLANG_WARN_BOOL_CONVERSION = YES;
				CLANG_WARN_COMMA = YES;
				CLANG_WARN_CONSTANT_CONVERSION = YES;
				CLANG_WARN_DEPRECATED_OBJC_IMPLEMENTATIONS = YES;
				CLANG_WARN_DIRECT_OBJC_ISA_USAGE = YES_ERROR;
				CLANG_WARN_DOCUMENTATION_COMMENTS = YES;
				CLANG_WARN_EMPTY_BODY = YES;
				CLANG_WARN_ENUM_CONVERSION = YES;
				CLANG_WARN_INFINITE_RECURSION = YES;
				CLANG_WARN_INT_CONVERSION = YES;
				CLANG_WARN_NON_LITERAL_NULL_CONVERSION = YES;
				CLANG_WARN_OBJC_IMPLICIT_RETAIN_SELF = YES;
				CLANG_WARN_OBJC_LITERAL_CONVERSION = YES;
				CLANG_WARN_OBJC_ROOT_CLASS = YES_ERROR;
				CLANG_WARN_RANGE_LOOP_ANALYSIS = YES;
				CLANG_WARN_STRICT_PROTOTYPES = YES;
				CLANG_WARN_SUSPICIOUS_MOVE = YES;
				CLANG_WARN_UNGUARDED_AVAILABILITY = YES_AGGRESSIVE;
				CLANG_WARN_UNREACHABLE_CODE = YES;
				CLANG_WARN__DUPLICATE_METHOD_MATCH = YES;
				CODE_SIGN_IDENTITY = "iPhone Developer";
				COPY_PHASE_STRIP = NO;
				DEBUG_INFORMATION_FORMAT = "dwarf-with-dsym";
				ENABLE_NS_ASSERTIONS = NO;
				ENABLE_STRICT_OBJC_MSGSEND = YES;
				GCC_C_LANGUAGE_STANDARD = gnu11;
				GCC_NO_COMMON_BLOCKS = YES;
				GCC_WARN_64_TO_32_BIT_CONVERSION = YES;
				GCC_WARN_ABOUT_RETURN_TYPE = YES_ERROR;
				GCC_WARN_UNDECLARED_SELECTOR = YES;
				GCC_WARN_UNINITIALIZED_AUTOS = YES_AGGRESSIVE;
				GCC_WARN_UNUSED_FUNCTION = YES;
				GCC_WARN_UNUSED_VARIABLE = YES;
				IPHONEOS_DEPLOYMENT_TARGET = 11.2;
				MTL_ENABLE_DEBUG_INFO = NO;
				SDKROOT = iphoneos;
				VALIDATE_PRODUCT = YES;
			};
			name = Release;
		};
		04CC4837206CF3190048A5B5 /* Debug */ = {
			isa = XCBuildConfiguration;
			baseConfigurationReference = A10A7B9618F210763B63EDCC /* Pods-WebSocketDemo.debug.xcconfig */;
			buildSettings = {
				ASSETCATALOG_COMPILER_APPICON_NAME = AppIcon;
				CODE_SIGN_STYLE = Automatic;
				DEVELOPMENT_TEAM = 2UN3EV6S3Z;
				INFOPLIST_FILE = WebSocketDemo/Info.plist;
				IPHONEOS_DEPLOYMENT_TARGET = 8.0;
				LD_RUNPATH_SEARCH_PATHS = "$(inherited) @executable_path/Frameworks";
				PRODUCT_BUNDLE_IDENTIFIER = com.gjh.WebSocketDemo;
				PRODUCT_NAME = "$(TARGET_NAME)";
				TARGETED_DEVICE_FAMILY = "1,2";
			};
			name = Debug;
		};
		04CC4838206CF3190048A5B5 /* Release */ = {
			isa = XCBuildConfiguration;
			baseConfigurationReference = 11934FB33215FC64F966FED9 /* Pods-WebSocketDemo.release.xcconfig */;
			buildSettings = {
				ASSETCATALOG_COMPILER_APPICON_NAME = AppIcon;
				CODE_SIGN_STYLE = Automatic;
				DEVELOPMENT_TEAM = 2UN3EV6S3Z;
				INFOPLIST_FILE = WebSocketDemo/Info.plist;
				IPHONEOS_DEPLOYMENT_TARGET = 8.0;
				LD_RUNPATH_SEARCH_PATHS = "$(inherited) @executable_path/Frameworks";
				PRODUCT_BUNDLE_IDENTIFIER = com.gjh.WebSocketDemo;
				PRODUCT_NAME = "$(TARGET_NAME)";
				TARGETED_DEVICE_FAMILY = "1,2";
			};
			name = Release;
		};
/* End XCBuildConfiguration section */

/* Begin XCConfigurationList section */
		04CC481B206CF3190048A5B5 /* Build configuration list for PBXProject "WebSocketDemo" */ = {
			isa = XCConfigurationList;
			buildConfigurations = (
				04CC4834206CF3190048A5B5 /* Debug */,
				04CC4835206CF3190048A5B5 /* Release */,
			);
			defaultConfigurationIsVisible = 0;
			defaultConfigurationName = Release;
		};
		04CC4836206CF3190048A5B5 /* Build configuration list for PBXNativeTarget "WebSocketDemo" */ = {
			isa = XCConfigurationList;
			buildConfigurations = (
				04CC4837206CF3190048A5B5 /* Debug */,
				04CC4838206CF3190048A5B5 /* Release */,
			);
			defaultConfigurationIsVisible = 0;
			defaultConfigurationName = Release;
		};
/* End XCConfigurationList section */
	};
	rootObject = 04CC4818206CF3190048A5B5 /* Project object */;
}
